<?xml version="1.0" encoding="utf-8"?>
<Project ToolsVersion="4.0" xmlns="http://schemas.microsoft.com/developer/msbuild/2003">
  <ItemGroup>
    <Filter Include="2 Header Files">
      <UniqueIdentifier>{93995380-89BD-4b04-88EB-625FBE52EBFB}</UniqueIdentifier>
      <Extensions>h;hh;hpp;hxx;h++;hm;inl;inc;ipp;xsd</Extensions>
    </Filter>
    <Filter Include="1 Source Files">
      <UniqueIdentifier>{4FC737F1-C7A5-4376-A066-2A32D752A2FF}</UniqueIdentifier>
      <Extensions>cpp;c;cc;cxx;c++;def;odl;idl;hpj;bat;asm;asmx</Extensions>
    </Filter>
    <Filter Include="3 Generated Files">
      <UniqueIdentifier>{be5ce6e6-223e-4d41-8915-29103d899c5a}</UniqueIdentifier>
    </Filter>
    <Filter Include="4 Resource Files">
      <UniqueIdentifier>{a7668888-00c6-4911-9e47-7af645f31778}</UniqueIdentifier>
    </Filter>
    <Filter Include="5 msvc">
      <UniqueIdentifier>{dbbd7498-e1e9-4d80-b91f-137dc5b988f1}</UniqueIdentifier>
    </Filter>
    <Filter Include="5 msvc\sys">
      <UniqueIdentifier>{1cc9d4fb-f03f-48cb-8af7-3e96681dc03b}</UniqueIdentifier>
    </Filter>
  </ItemGroup>
  <ItemGroup>
    <ClCompile Include="src\msvc\getopt.c">
      <Filter>5 msvc</Filter>
    </ClCompile>
    <ClCompile Include="src\msvc\gettimeofday.c">
      <Filter>5 msvc</Filter>
    </ClCompile>
    <ClCompile Include="src\msvc\pthread.cpp">
      <Filter>5 msvc</Filter>
    </ClCompile>
    <ClCompile Include="src\msvc\semaphore.cpp">
      <Filter>5 msvc</Filter>
    </ClCompile>
    <ClCompile Include="src\msvc\unistd.cpp">
      <Filter>5 msvc</Filter>
    </ClCompile>
    <ClCompile Include="src\msvc\usb_com_helper.cpp">
      <Filter>5 msvc</Filter>
    </ClCompile>
    <ClCompile Include="src\avr910.c">
      <Filter>1 Source Files</Filter>
    </ClCompile>
    <ClCompile Include="src\avrftdi.c">
      <Filter>1 Source Files</Filter>
    </ClCompile>
    <ClCompile Include="src\avrftdi_tpi.c">
      <Filter>1 Source Files</Filter>
    </ClCompile>
    <ClCompile Include="src\avrpart.c">
      <Filter>1 Source Files</Filter>
    </ClCompile>
    <ClCompile Include="src\bitbang.c">
      <Filter>1 Source Files</Filter>
    </ClCompile>
    <ClCompile Include="src\buspirate.c">
      <Filter>1 Source Files</Filter>
    </ClCompile>
    <ClCompile Include="src\butterfly.c">
      <Filter>1 Source Files</Filter>
    </ClCompile>
    <ClCompile Include="src\config.c">
      <Filter>1 Source Files</Filter>
    </ClCompile>
    <ClCompile Include="src\confwin.c">
      <Filter>1 Source Files</Filter>
    </ClCompile>
    <ClCompile Include="src\crc16.c">
      <Filter>1 Source Files</Filter>
    </ClCompile>
    <ClCompile Include="src\dfu.c">
      <Filter>1 Source Files</Filter>
    </ClCompile>
    <ClCompile Include="src\fileio.c">
      <Filter>1 Source Files</Filter>
    </ClCompile>
    <ClCompile Include="src\flip1.c">
      <Filter>1 Source Files</Filter>
    </ClCompile>
    <ClCompile Include="src\flip2.c">
      <Filter>1 Source Files</Filter>
    </ClCompile>
    <ClCompile Include="src\ft245r.c">
      <Filter>1 Source Files</Filter>
    </ClCompile>
    <ClCompile Include="src\jtag3.c">
      <Filter>1 Source Files</Filter>
    </ClCompile>
    <ClCompile Include="src\jtagmkI.c">
      <Filter>1 Source Files</Filter>
    </ClCompile>
    <ClCompile Include="src\jtagmkII.c">
      <Filter>1 Source Files</Filter>
    </ClCompile>
    <ClCompile Include="src\linuxgpio.c">
      <Filter>1 Source Files</Filter>
    </ClCompile>
    <ClCompile Include="src\linuxspi.c">
      <Filter>1 Source Files</Filter>
    </ClCompile>
    <ClCompile Include="src\lists.c">
      <Filter>1 Source Files</Filter>
    </ClCompile>
    <ClCompile Include="src\main.c">
      <Filter>1 Source Files</Filter>
    </ClCompile>
    <ClCompile Include="src\micronucleus.c">
      <Filter>1 Source Files</Filter>
    </ClCompile>
    <ClCompile Include="src\par.c">
      <Filter>1 Source Files</Filter>
    </ClCompile>
    <ClCompile Include="src\pgm.c">
      <Filter>1 Source Files</Filter>
    </ClCompile>
    <ClCompile Include="src\pgm_type.c">
      <Filter>1 Source Files</Filter>
    </ClCompile>
    <ClCompile Include="src\pickit2.c">
      <Filter>1 Source Files</Filter>
    </ClCompile>
    <ClCompile Include="src\pindefs.c">
      <Filter>1 Source Files</Filter>
    </ClCompile>
    <ClCompile Include="src\ppi.c">
      <Filter>1 Source Files</Filter>
    </ClCompile>
    <ClCompile Include="src\ppiwin.c">
      <Filter>1 Source Files</Filter>
    </ClCompile>
    <ClCompile Include="src\safemode.c">
      <Filter>1 Source Files</Filter>
    </ClCompile>
    <ClCompile Include="src\ser_avrdoper.c">
      <Filter>1 Source Files</Filter>
    </ClCompile>
    <ClCompile Include="src\ser_posix.c">
      <Filter>1 Source Files</Filter>
    </ClCompile>
    <ClCompile Include="src\ser_win32.c">
      <Filter>1 Source Files</Filter>
    </ClCompile>
    <ClCompile Include="src\serbb_posix.c">
      <Filter>1 Source Files</Filter>
    </ClCompile>
    <ClCompile Include="src\serbb_win32.c">
      <Filter>1 Source Files</Filter>
    </ClCompile>
    <ClCompile Include="src\stk500.c">
      <Filter>1 Source Files</Filter>
    </ClCompile>
    <ClCompile Include="src\stk500generic.c">
      <Filter>1 Source Files</Filter>
    </ClCompile>
    <ClCompile Include="src\stk500v2.c">
      <Filter>1 Source Files</Filter>
    </ClCompile>
    <ClCompile Include="src\teensy.c">
      <Filter>1 Source Files</Filter>
    </ClCompile>
    <ClCompile Include="src\term.c">
      <Filter>1 Source Files</Filter>
    </ClCompile>
    <ClCompile Include="src\update.c">
      <Filter>1 Source Files</Filter>
    </ClCompile>
    <ClCompile Include="src\usb_hidapi.c">
      <Filter>1 Source Files</Filter>
    </ClCompile>
    <ClCompile Include="src\usb_libusb.c">
      <Filter>1 Source Files</Filter>
    </ClCompile>
    <ClCompile Include="src\usbasp.c">
      <Filter>1 Source Files</Filter>
    </ClCompile>
    <ClCompile Include="src\usbtiny.c">
      <Filter>1 Source Files</Filter>
    </ClCompile>
    <ClCompile Include="src\wiring.c">
      <Filter>1 Source Files</Filter>
    </ClCompile>
    <ClCompile Include="src\arduino.c">
      <Filter>1 Source Files</Filter>
    </ClCompile>
    <ClCompile Include="src\avr.c">
      <Filter>1 Source Files</Filter>
    </ClCompile>
    <ClCompile Include="src\msvc\generated\config_gram.c">
      <Filter>3 Generated Files</Filter>
    </ClCompile>
    <ClCompile Include="src\msvc\generated\lexer.c">
      <Filter>3 Generated Files</Filter>
    </ClCompile>
  </ItemGroup>
  <ItemGroup>
    <ClInclude Include="src\msvc\sys\time.h">
      <Filter>5 msvc\sys</Filter>
    </ClInclude>
    <ClInclude Include="src\msvc\version.h">
      <Filter>4 Resource Files</Filter>
    </ClInclude>
    <ClInclude Include="src\msvc\getopt.h">
      <Filter>5 msvc</Filter>
    </ClInclude>
    <ClInclude Include="src\msvc\IntegerHandleMap.h">
      <Filter>5 msvc</Filter>
    </ClInclude>
    <ClInclude Include="src\msvc\msvc_compat.h">
      <Filter>5 msvc</Filter>
    </ClInclude>
    <ClInclude Include="src\msvc\pthread.h">
      <Filter>5 msvc</Filter>
    </ClInclude>
    <ClInclude Include="src\msvc\ReaderWriterLock.h">
      <Filter>5 msvc</Filter>
    </ClInclude>
    <ClInclude Include="src\msvc\semaphore.h">
      <Filter>5 msvc</Filter>
    </ClInclude>
    <ClInclude Include="src\msvc\unistd.h">
      <Filter>5 msvc</Filter>
    </ClInclude>
    <ClInclude Include="src\msvc\usb_com_helper.h">
      <Filter>5 msvc</Filter>
    </ClInclude>
    <ClInclude Include="src\msvc\usb_com_locator.h">
      <Filter>5 msvc</Filter>
    </ClInclude>
    <ClInclude Include="src\avr910.h">
      <Filter>2 Header Files</Filter>
    </ClInclude>
    <ClInclude Include="src\avrdude.h">
      <Filter>2 Header Files</Filter>
    </ClInclude>
    <ClInclude Include="src\avrftdi.h">
      <Filter>2 Header Files</Filter>
    </ClInclude>
    <ClInclude Include="src\avrftdi_private.h">
      <Filter>2 Header Files</Filter>
    </ClInclude>
    <ClInclude Include="src\avrftdi_tpi.h">
      <Filter>2 Header Files</Filter>
    </ClInclude>
    <ClInclude Include="src\bitbang.h">
      <Filter>2 Header Files</Filter>
    </ClInclude>
    <ClInclude Include="src\buspirate.h">
      <Filter>2 Header Files</Filter>
    </ClInclude>
    <ClInclude Include="src\butterfly.h">
      <Filter>2 Header Files</Filter>
    </ClInclude>
    <ClInclude Include="src\config.h">
      <Filter>2 Header Files</Filter>
    </ClInclude>
    <ClInclude Include="src\config_gram.h">
      <Filter>2 Header Files</Filter>
    </ClInclude>
    <ClInclude Include="src\crc16.h">
      <Filter>2 Header Files</Filter>
    </ClInclude>
    <ClInclude Include="src\dfu.h">
      <Filter>2 Header Files</Filter>
    </ClInclude>
    <ClInclude Include="src\flip1.h">
      <Filter>2 Header Files</Filter>
    </ClInclude>
    <ClInclude Include="src\flip2.h">
      <Filter>2 Header Files</Filter>
    </ClInclude>
    <ClInclude Include="src\freebsd_ppi.h">
      <Filter>2 Header Files</Filter>
    </ClInclude>
    <ClInclude Include="src\ft245r.h">
      <Filter>2 Header Files</Filter>
    </ClInclude>
    <ClInclude Include="src\jtag3.h">
      <Filter>2 Header Files</Filter>
    </ClInclude>
    <ClInclude Include="src\jtag3_private.h">
      <Filter>2 Header Files</Filter>
    </ClInclude>
    <ClInclude Include="src\jtagmkI.h">
      <Filter>2 Header Files</Filter>
    </ClInclude>
    <ClInclude Include="src\jtagmkI_private.h">
      <Filter>2 Header Files</Filter>
    </ClInclude>
    <ClInclude Include="src\jtagmkII.h">
      <Filter>2 Header Files</Filter>
    </ClInclude>
    <ClInclude Include="src\jtagmkII_private.h">
      <Filter>2 Header Files</Filter>
    </ClInclude>
    <ClInclude Include="src\libavrdude.h">
      <Filter>2 Header Files</Filter>
    </ClInclude>
    <ClInclude Include="src\linux_ppdev.h">
      <Filter>2 Header Files</Filter>
    </ClInclude>
    <ClInclude Include="src\linuxgpio.h">
      <Filter>2 Header Files</Filter>
    </ClInclude>
    <ClInclude Include="src\linuxspi.h">
      <Filter>2 Header Files</Filter>
    </ClInclude>
    <ClInclude Include="src\micronucleus.h">
      <Filter>2 Header Files</Filter>
    </ClInclude>
    <ClInclude Include="src\my_ddk_hidsdi.h">
      <Filter>2 Header Files</Filter>
    </ClInclude>
    <ClInclude Include="src\par.h">
      <Filter>2 Header Files</Filter>
    </ClInclude>
    <ClInclude Include="src\pickit2.h">
      <Filter>2 Header Files</Filter>
    </ClInclude>
    <ClInclude Include="src\ppi.h">
      <Filter>2 Header Files</Filter>
    </ClInclude>
    <ClInclude Include="src\serbb.h">
      <Filter>2 Header Files</Filter>
    </ClInclude>
    <ClInclude Include="src\solaris_ecpp.h">
      <Filter>2 Header Files</Filter>
    </ClInclude>
    <ClInclude Include="src\stk500.h">
      <Filter>2 Header Files</Filter>
    </ClInclude>
    <ClInclude Include="src\stk500_private.h">
      <Filter>2 Header Files</Filter>
    </ClInclude>
    <ClInclude Include="src\stk500generic.h">
      <Filter>2 Header Files</Filter>
    </ClInclude>
    <ClInclude Include="src\stk500v2.h">
      <Filter>2 Header Files</Filter>
    </ClInclude>
    <ClInclude Include="src\stk500v2_private.h">
      <Filter>2 Header Files</Filter>
    </ClInclude>
    <ClInclude Include="src\teensy.h">
      <Filter>2 Header Files</Filter>
    </ClInclude>
    <ClInclude Include="src\term.h">
      <Filter>2 Header Files</Filter>
    </ClInclude>
    <ClInclude Include="src\tpi.h">
      <Filter>2 Header Files</Filter>
    </ClInclude>
    <ClInclude Include="src\usbasp.h">
      <Filter>2 Header Files</Filter>
    </ClInclude>
    <ClInclude Include="src\usbdevs.h">
      <Filter>2 Header Files</Filter>
    </ClInclude>
    <ClInclude Include="src\usbtiny.h">
      <Filter>2 Header Files</Filter>
    </ClInclude>
    <ClInclude Include="src\wiring.h">
      <Filter>2 Header Files</Filter>
    </ClInclude>
    <ClInclude Include="src\arduino.h">
      <Filter>2 Header Files</Filter>
    </ClInclude>
    <ClInclude Include="src\ac_cfg_win.h">
      <Filter>2 Header Files</Filter>
    </ClInclude>
    <ClInclude Include="src\msvc\generated\config_gram.h">
      <Filter>3 Generated Files</Filter>
    </ClInclude>
    <ClInclude Include="src\msvc\generated\ac_cfg.h">
      <Filter>3 Generated Files</Filter>
    </ClInclude>
  </ItemGroup>
  <ItemGroup>
    <None Include="src\msvc\res\resource.rc2">
      <Filter>4 Resource Files</Filter>
    </None>
    <None Include="src\msvc\res\version.rc2">
      <Filter>4 Resource Files</Filter>
    </None>
    <None Include="src\msvc\generated\avrdude.conf">
      <Filter>3 Generated Files</Filter>
    </None>
  </ItemGroup>
  <ItemGroup>
    <ResourceCompile Include="src\msvc\avrdude.rc">
      <Filter>4 Resource Files</Filter>
    </ResourceCompile>
  </ItemGroup>
</Project>